{
  "version": "5",
  "specifiers": {
    "jsr:@db/sqlite@0.13": "0.13.0",
    "jsr:@denosaurs/plug@1": "1.1.0",
    "jsr:@std/encoding@1": "1.0.11",
    "jsr:@std/fmt@1": "1.0.10",
    "jsr:@std/fs@1": "1.0.24",
    "jsr:@std/internal@^1.0.10": "1.0.14",
    "jsr:@std/internal@^1.0.14": "1.0.14",
    "jsr:@std/path@1": "1.1.2",
    "jsr:@std/path@1.0": "1.0.9",
    "jsr:@std/path@1.1.2": "1.1.2",
    "jsr:@std/path@^1.1.5": "1.1.6"
  },
  "jsr": {
    "@db/sqlite@0.13.0": {
      "integrity": "4545c635e0b3d4ddfdc0f2240f932f24b8ad0178e9c2e3a0f9403e7b18ae2fb5",
      "dependencies": [
        "jsr:@denosaurs/plug",
        "jsr:@std/path@1.0"
      ]
    },
    "@denosaurs/plug@1.1.0": {
      "integrity": "eb2f0b7546c7bca2000d8b0282c54d50d91cf6d75cb26a80df25a6de8c4bc044",
      "dependencies": [
        "jsr:@std/encoding",
        "jsr:@std/fmt",
        "jsr:@std/fs",
        "jsr:@std/path@1"
      ]
    },
    "@std/encoding@1.0.11": {
      "integrity": "e7cef2f0b3153bccc17431e7c864a1de03a4b6d9647389c43e08aaa775d37385"
    },
    "@std/fmt@1.0.10": {
      "integrity": "90dfba288802ac6de82fb31d0917eb9e4450b9925b954d5e51fc29ac07419db5"
    },
    "@std/fs@1.0.24": {
      "integrity": "f3061b45b81673a2bece689da041df32d174be064c89eb6397fb5718d3fb7877",
      "dependencies": [
        "jsr:@std/internal@^1.0.14",
        "jsr:@std/path@^1.1.5"
      ]
    },
    "@std/internal@1.0.14": {
      "integrity": "291516b3d4c35024d6ffbc0a9df5bf4c64116e05b50012cf846710152d2ffdf7"
    },
    "@std/path@1.0.9": {
      "integrity": "260a49f11edd3db93dd38350bf9cd1b4d1366afa98e81b86167b4e3dd750129e"
    },
    "@std/path@1.1.2": {
      "integrity": "c0b13b97dfe06546d5e16bf3966b1cadf92e1cc83e56ba5476ad8b498d9e3038",
      "dependencies": [
        "jsr:@std/internal@^1.0.10"
      ]
    },
    "@std/path@1.1.6": {
      "integrity": "c68485c2a4dfbb5ae3cc74fae4e8c4e5d874cf8a8ed12927917235c758b46cbe",
      "dependencies": [
        "jsr:@std/internal@^1.0.14"
      ]
    }
  },
  "remote": {
    "https://cdn.skypack.dev/-/debug@v4.4.3-Brh22weuCvWY3rcSd25Q/dist=es2019,mode=imports/optimized/debug.js": "931098fa073c5244168f500d7eecf16557a6ff58fdefe079384f427b8d0ac915",
    "https://cdn.skypack.dev/-/ms@v2.1.3-dWyghJmVCt8Lp5D9h2ww/dist=es2019,mode=imports/optimized/ms.js": "fd88e2d51900437011f1ad232f3393ce97db1b87a7844b3c58dd6d65562c1276",
    "https://cdn.skypack.dev/debug@4.4.3": "4be25679f8af63e0d2f06afee7f8c1411f1c3144be3d3e96ab31e198e4a6d5cd",
    "https://deno.land/x/grammy@v1.45.1/bot.ts": "5c1d0360fe3543eaa78a1400794b491d497c647cd34e68fb81282782fb0370b5",
    "https://deno.land/x/grammy@v1.45.1/composer.ts": "4fcfc5c5b68107c0e0f24a9b00a5f3cf8d4ed0adee964be17005d96782e09562",
    "https://deno.land/x/grammy@v1.45.1/context.ts": "cb07082658fbe93eeca6b8fe31bcabd3a6d94ea8d5dd232b45dce8191db19f71",
    "https://deno.land/x/grammy@v1.45.1/convenience/constants.ts": "fc972813cc017f707958631d7959e95b83968615a941da55d83176dff37519e3",
    "https://deno.land/x/grammy@v1.45.1/convenience/frameworks.ts": "21732d143f24828b93082265f201d40f1af64903ad784cece86e4da1b1e61390",
    "https://deno.land/x/grammy@v1.45.1/convenience/inline_query.ts": "e21ffb02c966e63ac7c3526920ad64a298c618eb587e7bd8b762564fe85b2bdc",
    "https://deno.land/x/grammy@v1.45.1/convenience/input_media.ts": "7af72a5fdb1af0417e31b1327003f536ddfdf64e06ab8bc7f5da6b574de38658",
    "https://deno.land/x/grammy@v1.45.1/convenience/keyboard.ts": "deb8403a6f3d106080651ef6f738490b6bc50713ae3fa5ac0fd50020873c70d0",
    "https://deno.land/x/grammy@v1.45.1/convenience/session.ts": "5e4b976528a0b3d7893645ac23e2e35e78671af578a3aed5efb4b621e7e9b6da",
    "https://deno.land/x/grammy@v1.45.1/convenience/webhook.ts": "ff89a9472a87e47adb343dbb29ead04f668b1f4ca0d9ae47a6bdf29575ace824",
    "https://deno.land/x/grammy@v1.45.1/core/api.ts": "d954034a8d1632051a5019e6297c4f127713a93b4980bbedada95701bfca8404",
    "https://deno.land/x/grammy@v1.45.1/core/client.ts": "1bc84185f47e3a5e3116d0e840e545533822c8231267ec2f80aef8bb90903cc8",
    "https://deno.land/x/grammy@v1.45.1/core/error.ts": "9fd6695e201dc04a30e1688f65ab08729a1e821236a2322514f1e8763a03ad6e",
    "https://deno.land/x/grammy@v1.45.1/core/payload.ts": "5e27679acca66cbca981e2b77b206da3efe262f69d4638290b3567f514f50a0e",
    "https://deno.land/x/grammy@v1.45.1/filter.ts": "d4dd98f163c3113a22f977efca5647f059af768388e5f5f3158c5d4e3105913c",
    "https://deno.land/x/grammy@v1.45.1/mod.ts": "a973e356760eed1b58bc89280e6eb41bbdf74035f6348c08d6cebf50da1dac34",
    "https://deno.land/x/grammy@v1.45.1/platform.deno.ts": "d849577c4958bbf7c5c4ef009024cf12ce1d1da2feab144d7dca0dd42b6038f4",
    "https://deno.land/x/grammy@v1.45.1/types.deno.ts": "6e8b05417f4e5792d3f9050f5491dc04e36ccec3bc8570ab8712d35403e68427",
    "https://deno.land/x/grammy@v1.45.1/types.ts": "729415590dfa188dbe924dea614dff4e976babdbabb28a307b869fc25777cdf0",
    "https://deno.land/x/grammy_types@v4.0.0/api.ts": "040ba3beae8798622387b5d55acdeb9e925a1b234afdafa8a5257d0248115581",
    "https://deno.land/x/grammy_types@v4.0.0/checklist.ts": "c8f5f0128ca96d8cc4c33b45040ea9436ecf92997d6f5a5e2fa6a85798f465d6",
    "https://deno.land/x/grammy_types@v4.0.0/inline.ts": "8e15680c6e8ff09046a2cd9b7553f1b73daa9981945071678db45b291165ae15",
    "https://deno.land/x/grammy_types@v4.0.0/langs.ts": "5f5fd09c58ba3ae942dd7cea2696f95587d2032c1829bba4bca81762b7ef73b6",
    "https://deno.land/x/grammy_types@v4.0.0/manage.ts": "099a6a50d22a63890e3e9432ee0ac19cd7d1584054c2bcd16bbe51ade492abed",
    "https://deno.land/x/grammy_types@v4.0.0/markup.ts": "8b6e5e3ffa18eca240f3ca6f023c5c1131439fc88ece1d83bd7ba28e9697e4f0",
    "https://deno.land/x/grammy_types@v4.0.0/message.ts": "2d8dae2efdde136a959093eb82e0879c562604209eeabe7077f330e5bf40bf95",
    "https://deno.land/x/grammy_types@v4.0.0/methods.ts": "07876b6713398e9d86db3ab55416f8b06ccc5122fc79e4880a038eb9d8b15581",
    "https://deno.land/x/grammy_types@v4.0.0/mod.ts": "dc2efbffd0800e84439085bf2ccb8ea0b749140dd4d9061d475f76525efa788f",
    "https://deno.land/x/grammy_types@v4.0.0/passport.ts": "19820e7d6c279521f8bc8912d6a378239f73d4ab525453808994b5f44ef95215",
    "https://deno.land/x/grammy_types@v4.0.0/payment.ts": "90b6809ff22a80c0f4430dc684d26a92315e13238d1a5e7c80152acec3db7615",
    "https://deno.land/x/grammy_types@v4.0.0/rich.ts": "371c0764e1321e6a6eeae374bac9c372819ba73fcceb2738bdbe0222743fcf82",
    "https://deno.land/x/grammy_types@v4.0.0/settings.ts": "43879f885b8d76877640810246a5e4a0e495c6d364fd06e99ad1cb8920b4b5cf",
    "https://deno.land/x/grammy_types@v4.0.0/story.ts": "f558c6e6054a43fa1403c2376f7c0b51e2138f4e0d13f0f6e870ffd1cd085ae2",
    "https://deno.land/x/grammy_types@v4.0.0/update.ts": "401ff4e083ab750635a6aae0a364cbb6ecaa90d793df148d022bf13788c74674"
  },
  "workspace": {
    "dependencies": [
      "jsr:@db/sqlite@0.13"
    ]
  }
}
